Microsoft Visual Studio Solution File, Format Version 12.00
# Visual Studio 15
Project("{8BC9CEB8-8B4A-11D0-8D11-00A0C91BC942}") = "ALL_BUILD", "ALL_BUILD.vcxproj", "{78CE3730-14F0-34AC-8FA1-BC8F3F748C28}"
	ProjectSection(ProjectDependencies) = postProject
		{021B4194-106C-349A-8FD9-905BC9321E7C} = {021B4194-106C-349A-8FD9-905BC9321E7C}
		{6DF6FBE7-5A63-3157-8803-D776A17C1DE9} = {6DF6FBE7-5A63-3157-8803-D776A17C1DE9}
		{D56103E4-B596-3BBD-8F1F-D232A5BC9AD4} = {D56103E4-B596-3BBD-8F1F-D232A5BC9AD4}
		{B683F6EE-AADC-3C6A-B208-2C9A9943B6E1} = {B683F6EE-AADC-3C6A-B208-2C9A9943B6E1}
		{24ED60BA-E795-3B2A-BFC6-ED54E49B7FC1} = {24ED60BA-E795-3B2A-BFC6-ED54E49B7FC1}
	EndProjectSection
EndProject
Project("{8BC9CEB8-8B4A-11D0-8D11-00A0C91BC942}") = "INSTALL", "INSTALL.vcxproj", "{5A3078DF-A706-3D1C-BA4D-E7194E24DA5E}"
	ProjectSection(ProjectDependencies) = postProject
		{78CE3730-14F0-34AC-8FA1-BC8F3F748C28} = {78CE3730-14F0-34AC-8FA1-BC8F3F748C28}
		{021B4194-106C-349A-8FD9-905BC9321E7C} = {021B4194-106C-349A-8FD9-905BC9321E7C}
	EndProjectSection
EndProject
Project("{8BC9CEB8-8B4A-11D0-8D11-00A0C91BC942}") = "ZERO_CHECK", "ZERO_CHECK.vcxproj", "{021B4194-106C-349A-8FD9-905BC9321E7C}"
	ProjectSection(ProjectDependencies) = postProject
	EndProjectSection
EndProject
Project("{8BC9CEB8-8B4A-11D0-8D11-00A0C91BC942}") = "libprotobuf", "libprotobuf.vcxproj", "{6DF6FBE7-5A63-3157-8803-D776A17C1DE9}"
	ProjectSection(ProjectDependencies) = postProject
		{021B4194-106C-349A-8FD9-905BC9321E7C} = {021B4194-106C-349A-8FD9-905BC9321E7C}
	EndProjectSection
EndProject
Project("{8BC9CEB8-8B4A-11D0-8D11-00A0C91BC942}") = "libprotobuf-lite", "libprotobuf-lite.vcxproj", "{D56103E4-B596-3BBD-8F1F-D232A5BC9AD4}"
	ProjectSection(ProjectDependencies) = postProject
		{021B4194-106C-349A-8FD9-905BC9321E7C} = {021B4194-106C-349A-8FD9-905BC9321E7C}
	EndProjectSection
EndProject
Project("{8BC9CEB8-8B4A-11D0-8D11-00A0C91BC942}") = "libprotoc", "libprotoc.vcxproj", "{B683F6EE-AADC-3C6A-B208-2C9A9943B6E1}"
	ProjectSection(ProjectDependencies) = postProject
		{021B4194-106C-349A-8FD9-905BC9321E7C} = {021B4194-106C-349A-8FD9-905BC9321E7C}
		{6DF6FBE7-5A63-3157-8803-D776A17C1DE9} = {6DF6FBE7-5A63-3157-8803-D776A17C1DE9}
	EndProjectSection
EndProject
Project("{8BC9CEB8-8B4A-11D0-8D11-00A0C91BC942}") = "protoc", "protoc.vcxproj", "{24ED60BA-E795-3B2A-BFC6-ED54E49B7FC1}"
	ProjectSection(ProjectDependencies) = postProject
		{021B4194-106C-349A-8FD9-905BC9321E7C} = {021B4194-106C-349A-8FD9-905BC9321E7C}
		{6DF6FBE7-5A63-3157-8803-D776A17C1DE9} = {6DF6FBE7-5A63-3157-8803-D776A17C1DE9}
		{B683F6EE-AADC-3C6A-B208-2C9A9943B6E1} = {B683F6EE-AADC-3C6A-B208-2C9A9943B6E1}
	EndProjectSection
EndProject
Global
	GlobalSection(SolutionConfigurationPlatforms) = preSolution
		Debug|x64 = Debug|x64
		Release|x64 = Release|x64
		MinSizeRel|x64 = MinSizeRel|x64
		RelWithDebInfo|x64 = RelWithDebInfo|x64
	EndGlobalSection
	GlobalSection(ProjectConfigurationPlatforms) = postSolution
		{78CE3730-14F0-34AC-8FA1-BC8F3F748C28}.Debug|x64.ActiveCfg = Debug|x64
		{78CE3730-14F0-34AC-8FA1-BC8F3F748C28}.Debug|x64.Build.0 = Debug|x64
		{78CE3730-14F0-34AC-8FA1-BC8F3F748C28}.Release|x64.ActiveCfg = Release|x64
		{78CE3730-14F0-34AC-8FA1-BC8F3F748C28}.Release|x64.Build.0 = Release|x64
		{78CE3730-14F0-34AC-8FA1-BC8F3F748C28}.MinSizeRel|x64.ActiveCfg = MinSizeRel|x64
		{78CE3730-14F0-34AC-8FA1-BC8F3F748C28}.MinSizeRel|x64.Build.0 = MinSizeRel|x64
		{78CE3730-14F0-34AC-8FA1-BC8F3F748C28}.RelWithDebInfo|x64.ActiveCfg = RelWithDebInfo|x64
		{78CE3730-14F0-34AC-8FA1-BC8F3F748C28}.RelWithDebInfo|x64.Build.0 = RelWithDebInfo|x64
		{5A3078DF-A706-3D1C-BA4D-E7194E24DA5E}.Debug|x64.ActiveCfg = Debug|x64
		{5A3078DF-A706-3D1C-BA4D-E7194E24DA5E}.Release|x64.ActiveCfg = Release|x64
		{5A3078DF-A706-3D1C-BA4D-E7194E24DA5E}.MinSizeRel|x64.ActiveCfg = MinSizeRel|x64
		{5A3078DF-A706-3D1C-BA4D-E7194E24DA5E}.RelWithDebInfo|x64.ActiveCfg = RelWithDebInfo|x64
		{021B4194-106C-349A-8FD9-905BC9321E7C}.Debug|x64.ActiveCfg = Debug|x64
		{021B4194-106C-349A-8FD9-905BC9321E7C}.Debug|x64.Build.0 = Debug|x64
		{021B4194-106C-349A-8FD9-905BC9321E7C}.Release|x64.ActiveCfg = Release|x64
		{021B4194-106C-349A-8FD9-905BC9321E7C}.Release|x64.Build.0 = Release|x64
		{021B4194-106C-349A-8FD9-905BC9321E7C}.MinSizeRel|x64.ActiveCfg = MinSizeRel|x64
		{021B4194-106C-349A-8FD9-905BC9321E7C}.MinSizeRel|x64.Build.0 = MinSizeRel|x64
		{021B4194-106C-349A-8FD9-905BC9321E7C}.RelWithDebInfo|x64.ActiveCfg = RelWithDebInfo|x64
		{021B4194-106C-349A-8FD9-905BC9321E7C}.RelWithDebInfo|x64.Build.0 = RelWithDebInfo|x64
		{6DF6FBE7-5A63-3157-8803-D776A17C1DE9}.Debug|x64.ActiveCfg = Debug|x64
		{6DF6FBE7-5A63-3157-8803-D776A17C1DE9}.Debug|x64.Build.0 = Debug|x64
		{6DF6FBE7-5A63-3157-8803-D776A17C1DE9}.Release|x64.ActiveCfg = Release|x64
		{6DF6FBE7-5A63-3157-8803-D776A17C1DE9}.Release|x64.Build.0 = Release|x64
		{6DF6FBE7-5A63-3157-8803-D776A17C1DE9}.MinSizeRel|x64.ActiveCfg = MinSizeRel|x64
		{6DF6FBE7-5A63-3157-8803-D776A17C1DE9}.MinSizeRel|x64.Build.0 = MinSizeRel|x64
		{6DF6FBE7-5A63-3157-8803-D776A17C1DE9}.RelWithDebInfo|x64.ActiveCfg = RelWithDebInfo|x64
		{6DF6FBE7-5A63-3157-8803-D776A17C1DE9}.RelWithDebInfo|x64.Build.0 = RelWithDebInfo|x64
		{D56103E4-B596-3BBD-8F1F-D232A5BC9AD4}.Debug|x64.ActiveCfg = Debug|x64
		{D56103E4-B596-3BBD-8F1F-D232A5BC9AD4}.Debug|x64.Build.0 = Debug|x64
		{D56103E4-B596-3BBD-8F1F-D232A5BC9AD4}.Release|x64.ActiveCfg = Release|x64
		{D56103E4-B596-3BBD-8F1F-D232A5BC9AD4}.Release|x64.Build.0 = Release|x64
		{D56103E4-B596-3BBD-8F1F-D232A5BC9AD4}.MinSizeRel|x64.ActiveCfg = MinSizeRel|x64
		{D56103E4-B596-3BBD-8F1F-D232A5BC9AD4}.MinSizeRel|x64.Build.0 = MinSizeRel|x64
		{D56103E4-B596-3BBD-8F1F-D232A5BC9AD4}.RelWithDebInfo|x64.ActiveCfg = RelWithDebInfo|x64
		{D56103E4-B596-3BBD-8F1F-D232A5BC9AD4}.RelWithDebInfo|x64.Build.0 = RelWithDebInfo|x64
		{B683F6EE-AADC-3C6A-B208-2C9A9943B6E1}.Debug|x64.ActiveCfg = Debug|x64
		{B683F6EE-AADC-3C6A-B208-2C9A9943B6E1}.Debug|x64.Build.0 = Debug|x64
		{B683F6EE-AADC-3C6A-B208-2C9A9943B6E1}.Release|x64.ActiveCfg = Release|x64
		{B683F6EE-AADC-3C6A-B208-2C9A9943B6E1}.Release|x64.Build.0 = Release|x64
		{B683F6EE-AADC-3C6A-B208-2C9A9943B6E1}.MinSizeRel|x64.ActiveCfg = MinSizeRel|x64
		{B683F6EE-AADC-3C6A-B208-2C9A9943B6E1}.MinSizeRel|x64.Build.0 = MinSizeRel|x64
		{B683F6EE-AADC-3C6A-B208-2C9A9943B6E1}.RelWithDebInfo|x64.ActiveCfg = RelWithDebInfo|x64
		{B683F6EE-AADC-3C6A-B208-2C9A9943B6E1}.RelWithDebInfo|x64.Build.0 = RelWithDebInfo|x64
		{24ED60BA-E795-3B2A-BFC6-ED54E49B7FC1}.Debug|x64.ActiveCfg = Debug|x64
		{24ED60BA-E795-3B2A-BFC6-ED54E49B7FC1}.Debug|x64.Build.0 = Debug|x64
		{24ED60BA-E795-3B2A-BFC6-ED54E49B7FC1}.Release|x64.ActiveCfg = Release|x64
		{24ED60BA-E795-3B2A-BFC6-ED54E49B7FC1}.Release|x64.Build.0 = Release|x64
		{24ED60BA-E795-3B2A-BFC6-ED54E49B7FC1}.MinSizeRel|x64.ActiveCfg = MinSizeRel|x64
		{24ED60BA-E795-3B2A-BFC6-ED54E49B7FC1}.MinSizeRel|x64.Build.0 = MinSizeRel|x64
		{24ED60BA-E795-3B2A-BFC6-ED54E49B7FC1}.RelWithDebInfo|x64.ActiveCfg = RelWithDebInfo|x64
		{24ED60BA-E795-3B2A-BFC6-ED54E49B7FC1}.RelWithDebInfo|x64.Build.0 = RelWithDebInfo|x64
	EndGlobalSection
	GlobalSection(ExtensibilityGlobals) = postSolution
		SolutionGuid = {09E53F77-A510-30FC-AFFD-E3310545ED56}
	EndGlobalSection
	GlobalSection(ExtensibilityAddIns) = postSolution
	EndGlobalSection
EndGlobal
